
Microsoft Visual Studio Solution File, Format Version 12.00
# Visual Studio Version 17
VisualStudioVersion = 17.3.32825.248
MinimumVisualStudioVersion = 10.0.40219.1
Project("{FAE04EC0-301F-11D3-BF4B-00C04F79EFBC}") = "Aula5solution", "Aula5solution\Aula5solution.csproj", "{FFF2D7CF-0E20-4E02-BF7D-447278824CC1}"
EndProject
Global
	GlobalSection(SolutionConfigurationPlatforms) = preSolution
		Debug|Any CPU = Debug|Any CPU
		Release|Any CPU = Release|Any CPU
	EndGlobalSection
	GlobalSection(ProjectConfigurationPlatforms) = postSolution
		{FFF2D7CF-0E20-4E02-BF7D-447278824CC1}.Debug|Any CPU.ActiveCfg = Debug|Any CPU
		{FFF2D7CF-0E20-4E02-BF7D-447278824CC1}.Debug|Any CPU.Build.0 = Debug|Any CPU
		{FFF2D7CF-0E20-4E02-BF7D-447278824CC1}.Release|Any CPU.ActiveCfg = Release|Any CPU
		{FFF2D7CF-0E20-4E02-BF7D-447278824CC1}.Release|Any CPU.Build.0 = Release|Any CPU
	EndGlobalSection
	GlobalSection(SolutionProperties) = preSolution
		HideSolutionNode = FALSE
	EndGlobalSection
	GlobalSection(ExtensibilityGlobals) = postSolution
		SolutionGuid = {A522996C-86FE-46C4-ADBA-D2AD241F5E75}
	EndGlobalSection
EndGlobal
